
Microsoft Visual Studio Solution File, Format Version 12.00
# Visual Studio Version 16
VisualStudioVersion = 16.0.30104.148
MinimumVisualStudioVersion = 10.0.40219.1
Project("{FAE04EC0-301F-11D3-BF4B-00C04F79EFBC}") = "Checkout", "Checkout\Checkout.csproj", "{C2F9CD1D-5AA0-4FE4-B313-7E9C25D15030}"
EndProject
Global
	GlobalSection(SolutionConfigurationPlatforms) = preSolution
		Debug|Any CPU = Debug|Any CPU
		Release|Any CPU = Release|Any CPU
	EndGlobalSection
	GlobalSection(ProjectConfigurationPlatforms) = postSolution
		{C2F9CD1D-5AA0-4FE4-B313-7E9C25D15030}.Debug|Any CPU.ActiveCfg = Debug|Any CPU
		{C2F9CD1D-5AA0-4FE4-B313-7E9C25D15030}.Debug|Any CPU.Build.0 = Debug|Any CPU
		{C2F9CD1D-5AA0-4FE4-B313-7E9C25D15030}.Release|Any CPU.ActiveCfg = Release|Any CPU
		{C2F9CD1D-5AA0-4FE4-B313-7E9C25D15030}.Release|Any CPU.Build.0 = Release|Any CPU
	EndGlobalSection
	GlobalSection(SolutionProperties) = preSolution
		HideSolutionNode = FALSE
	EndGlobalSection
	GlobalSection(ExtensibilityGlobals) = postSolution
		SolutionGuid = {1378BF27-DB7A-4586-9A66-F61EE626C183}
	EndGlobalSection
EndGlobal
